
Microsoft Visual Studio Solution File, Format Version 12.00
# Visual Studio Version 17
VisualStudioVersion = 17.8.34525.116
MinimumVisualStudioVersion = 10.0.40219.1
Project("{9A19103F-16F7-4668-BE54-9A1E7A4F7556}") = "Books", "Books\Books.csproj", "{81A6C09F-E857-4103-BAE9-74BAB3C612D4}"
EndProject
Project("{FAE04EC0-301F-11D3-BF4B-00C04F79EFBC}") = "DataAccessLayer", "DataAccessLayer\DataAccessLayer.csproj", "{F2F2A003-0A0C-4605-9B95-010CA29E4FE7}"
EndProject
Global
	GlobalSection(SolutionConfigurationPlatforms) = preSolution
		Debug|Any CPU = Debug|Any CPU
		Release|Any CPU = Release|Any CPU
	EndGlobalSection
	GlobalSection(ProjectConfigurationPlatforms) = postSolution
		{81A6C09F-E857-4103-BAE9-74BAB3C612D4}.Debug|Any CPU.ActiveCfg = Debug|Any CPU
		{81A6C09F-E857-4103-BAE9-74BAB3C612D4}.Debug|Any CPU.Build.0 = Debug|Any CPU
		{81A6C09F-E857-4103-BAE9-74BAB3C612D4}.Release|Any CPU.ActiveCfg = Release|Any CPU
		{81A6C09F-E857-4103-BAE9-74BAB3C612D4}.Release|Any CPU.Build.0 = Release|Any CPU
		{F2F2A003-0A0C-4605-9B95-010CA29E4FE7}.Debug|Any CPU.ActiveCfg = Debug|Any CPU
		{F2F2A003-0A0C-4605-9B95-010CA29E4FE7}.Debug|Any CPU.Build.0 = Debug|Any CPU
		{F2F2A003-0A0C-4605-9B95-010CA29E4FE7}.Release|Any CPU.ActiveCfg = Release|Any CPU
		{F2F2A003-0A0C-4605-9B95-010CA29E4FE7}.Release|Any CPU.Build.0 = Release|Any CPU
	EndGlobalSection
	GlobalSection(SolutionProperties) = preSolution
		HideSolutionNode = FALSE
	EndGlobalSection
	GlobalSection(ExtensibilityGlobals) = postSolution
		SolutionGuid = {C0C345CB-62DE-4197-B18E-AA34DD24FA34}
	EndGlobalSection
EndGlobal
